
Microsoft Visual Studio Solution File, Format Version 12.00
# Visual Studio Version 17
VisualStudioVersion = 17.9.34714.143
MinimumVisualStudioVersion = 10.0.40219.1
Project("{FAE04EC0-301F-11D3-BF4B-00C04F79EFBC}") = "Training_Luna_Project", "Training_Luna_Project\Training_Luna_Project.csproj", "{FC7EF127-7E76-4D6F-AB42-8C524DDA5C80}"
EndProject
Global
	GlobalSection(SolutionConfigurationPlatforms) = preSolution
		Debug|Any CPU = Debug|Any CPU
		Release|Any CPU = Release|Any CPU
	EndGlobalSection
	GlobalSection(ProjectConfigurationPlatforms) = postSolution
		{FC7EF127-7E76-4D6F-AB42-8C524DDA5C80}.Debug|Any CPU.ActiveCfg = Debug|Any CPU
		{FC7EF127-7E76-4D6F-AB42-8C524DDA5C80}.Debug|Any CPU.Build.0 = Debug|Any CPU
		{FC7EF127-7E76-4D6F-AB42-8C524DDA5C80}.Release|Any CPU.ActiveCfg = Release|Any CPU
		{FC7EF127-7E76-4D6F-AB42-8C524DDA5C80}.Release|Any CPU.Build.0 = Release|Any CPU
	EndGlobalSection
	GlobalSection(SolutionProperties) = preSolution
		HideSolutionNode = FALSE
	EndGlobalSection
	GlobalSection(ExtensibilityGlobals) = postSolution
		SolutionGuid = {350AE360-F0E1-473B-BF7A-05D98676A15B}
	EndGlobalSection
EndGlobal
